
Microsoft Visual Studio Solution File, Format Version 12.00
# Visual Studio Version 16
VisualStudioVersion = 16.0.30523.141
MinimumVisualStudioVersion = 10.0.40219.1
Project("{FAE04EC0-301F-11D3-BF4B-00C04F79EFBC}") = "image2gnf", "image2gnf.csproj", "{55F45FF4-B09E-495B-B7DE-BD932DA3739F}"
EndProject
Global
	GlobalSection(SolutionConfigurationPlatforms) = preSolution
		Debug|Any CPU = Debug|Any CPU
		Release|Any CPU = Release|Any CPU
	EndGlobalSection
	GlobalSection(ProjectConfigurationPlatforms) = postSolution
		{55F45FF4-B09E-495B-B7DE-BD932DA3739F}.Debug|Any CPU.ActiveCfg = Debug|Any CPU
		{55F45FF4-B09E-495B-B7DE-BD932DA3739F}.Debug|Any CPU.Build.0 = Debug|Any CPU
		{55F45FF4-B09E-495B-B7DE-BD932DA3739F}.Release|Any CPU.ActiveCfg = Release|Any CPU
		{55F45FF4-B09E-495B-B7DE-BD932DA3739F}.Release|Any CPU.Build.0 = Release|Any CPU
	EndGlobalSection
	GlobalSection(SolutionProperties) = preSolution
		HideSolutionNode = FALSE
	EndGlobalSection
	GlobalSection(ExtensibilityGlobals) = postSolution
		SolutionGuid = {E9657EA4-4208-4271-98C6-98576F1FF699}
	EndGlobalSection
EndGlobal
