
Microsoft Visual Studio Solution File, Format Version 12.00
# Visual Studio Version 16
VisualStudioVersion = 16.0.30523.141
MinimumVisualStudioVersion = 10.0.40219.1
Project("{9A19103F-16F7-4668-BE54-9A1E7A4F7556}") = "image2gnf", "image2gnf.csproj", "{55F45FF4-B09E-495B-B7DE-BD932DA3739F}"
EndProject
Project("{FAE04EC0-301F-11D3-BF4B-00C04F79EFBC}") = "GFDLibrary", "..\GFD-Studio\GFDLibrary\GFDLibrary.csproj", "{A41AC644-A107-4788-8E4F-E10CCA64F3B6}"
EndProject
Project("{FAE04EC0-301F-11D3-BF4B-00C04F79EFBC}") = "Scarlet", "..\GFD-Studio\Dependencies\Scarlet\Scarlet\Scarlet.csproj", "{B1CC2B0E-4226-4AC5-9940-900A8847201A}"
EndProject
Project("{FAE04EC0-301F-11D3-BF4B-00C04F79EFBC}") = "Scarlet.IO.ImageFormats", "..\GFD-Studio\Dependencies\Scarlet\Scarlet.IO.ImageFormats\Scarlet.IO.ImageFormats.csproj", "{4E7B19C8-1983-41FE-98E4-0532137638FC}"
EndProject
Global
	GlobalSection(SolutionConfigurationPlatforms) = preSolution
		Debug|Any CPU = Debug|Any CPU
		Debug|x64 = Debug|x64
		Release|Any CPU = Release|Any CPU
		Release|x64 = Release|x64
	EndGlobalSection
	GlobalSection(ProjectConfigurationPlatforms) = postSolution
		{55F45FF4-B09E-495B-B7DE-BD932DA3739F}.Debug|Any CPU.ActiveCfg = Debug|Any CPU
		{55F45FF4-B09E-495B-B7DE-BD932DA3739F}.Debug|Any CPU.Build.0 = Debug|Any CPU
		{55F45FF4-B09E-495B-B7DE-BD932DA3739F}.Debug|x64.ActiveCfg = Debug|Any CPU
		{55F45FF4-B09E-495B-B7DE-BD932DA3739F}.Debug|x64.Build.0 = Debug|Any CPU
		{55F45FF4-B09E-495B-B7DE-BD932DA3739F}.Release|Any CPU.ActiveCfg = Release|Any CPU
		{55F45FF4-B09E-495B-B7DE-BD932DA3739F}.Release|Any CPU.Build.0 = Release|Any CPU
		{55F45FF4-B09E-495B-B7DE-BD932DA3739F}.Release|x64.ActiveCfg = Release|Any CPU
		{55F45FF4-B09E-495B-B7DE-BD932DA3739F}.Release|x64.Build.0 = Release|Any CPU
		{A41AC644-A107-4788-8E4F-E10CCA64F3B6}.Debug|Any CPU.ActiveCfg = Debug|Any CPU
		{A41AC644-A107-4788-8E4F-E10CCA64F3B6}.Debug|Any CPU.Build.0 = Debug|Any CPU
		{A41AC644-A107-4788-8E4F-E10CCA64F3B6}.Debug|x64.ActiveCfg = Debug|x64
		{A41AC644-A107-4788-8E4F-E10CCA64F3B6}.Debug|x64.Build.0 = Debug|x64
		{A41AC644-A107-4788-8E4F-E10CCA64F3B6}.Release|Any CPU.ActiveCfg = Release|Any CPU
		{A41AC644-A107-4788-8E4F-E10CCA64F3B6}.Release|Any CPU.Build.0 = Release|Any CPU
		{A41AC644-A107-4788-8E4F-E10CCA64F3B6}.Release|x64.ActiveCfg = Release|x64
		{A41AC644-A107-4788-8E4F-E10CCA64F3B6}.Release|x64.Build.0 = Release|x64
		{B1CC2B0E-4226-4AC5-9940-900A8847201A}.Debug|Any CPU.ActiveCfg = Debug|Any CPU
		{B1CC2B0E-4226-4AC5-9940-900A8847201A}.Debug|Any CPU.Build.0 = Debug|Any CPU
		{B1CC2B0E-4226-4AC5-9940-900A8847201A}.Debug|x64.ActiveCfg = Debug|Any CPU
		{B1CC2B0E-4226-4AC5-9940-900A8847201A}.Debug|x64.Build.0 = Debug|Any CPU
		{B1CC2B0E-4226-4AC5-9940-900A8847201A}.Release|Any CPU.ActiveCfg = Release|Any CPU
		{B1CC2B0E-4226-4AC5-9940-900A8847201A}.Release|Any CPU.Build.0 = Release|Any CPU
		{B1CC2B0E-4226-4AC5-9940-900A8847201A}.Release|x64.ActiveCfg = Release|Any CPU
		{B1CC2B0E-4226-4AC5-9940-900A8847201A}.Release|x64.Build.0 = Release|Any CPU
		{4E7B19C8-1983-41FE-98E4-0532137638FC}.Debug|Any CPU.ActiveCfg = Debug|Any CPU
		{4E7B19C8-1983-41FE-98E4-0532137638FC}.Debug|Any CPU.Build.0 = Debug|Any CPU
		{4E7B19C8-1983-41FE-98E4-0532137638FC}.Debug|x64.ActiveCfg = Debug|Any CPU
		{4E7B19C8-1983-41FE-98E4-0532137638FC}.Debug|x64.Build.0 = Debug|Any CPU
		{4E7B19C8-1983-41FE-98E4-0532137638FC}.Release|Any CPU.ActiveCfg = Release|Any CPU
		{4E7B19C8-1983-41FE-98E4-0532137638FC}.Release|Any CPU.Build.0 = Release|Any CPU
		{4E7B19C8-1983-41FE-98E4-0532137638FC}.Release|x64.ActiveCfg = Release|Any CPU
		{4E7B19C8-1983-41FE-98E4-0532137638FC}.Release|x64.Build.0 = Release|Any CPU
	EndGlobalSection
	GlobalSection(SolutionProperties) = preSolution
		HideSolutionNode = FALSE
	EndGlobalSection
	GlobalSection(ExtensibilityGlobals) = postSolution
		SolutionGuid = {E9657EA4-4208-4271-98C6-98576F1FF699}
	EndGlobalSection
EndGlobal
